// !$*UTF8*$!
{
	archiveVersion = 1;
	classes = {
	};
	objectVersion = 46;
	objects = {

/* Begin PBXBuildFile section */
		6C3DBEB41E81ACBD00EE07EF /* FishToken.swift in Sources */ = {isa = PBXBuildFile; fileRef = 6C3DBEB31E81ACBD00EE07EF /* FishToken.swift */; };
		6CCF9F651E395DF900AAEB79 /* AppDelegate.swift in Sources */ = {isa = PBXBuildFile; fileRef = 6CCF9F641E395DF900AAEB79 /* AppDelegate.swift */; };
		6CCF9F691E395DF900AAEB79 /* Actions.sks in Resources */ = {isa = PBXBuildFile; fileRef = 6CCF9F681E395DF900AAEB79 /* Actions.sks */; };
		6CCF9F6B1E395DF900AAEB79 /* GameScene.swift in Sources */ = {isa = PBXBuildFile; fileRef = 6CCF9F6A1E395DF900AAEB79 /* GameScene.swift */; };
		6CCF9F6D1E395DF900AAEB79 /* GameViewController.swift in Sources */ = {isa = PBXBuildFile; fileRef = 6CCF9F6C1E395DF900AAEB79 /* GameViewController.swift */; };
		6CCF9F751E395DF900AAEB79 /* LaunchScreen.storyboard in Resources */ = {isa = PBXBuildFile; fileRef = 6CCF9F731E395DF900AAEB79 /* LaunchScreen.storyboard */; };
		AC0830CE1E4A3F9100ACE1B1 /* LandHex.swift in Sources */ = {isa = PBXBuildFile; fileRef = AC0830CD1E4A3F9100ACE1B1 /* LandHex.swift */; };
		AC1FDC361E65115A00CD0723 /* tileHandler.swift in Sources */ = {isa = PBXBuildFile; fileRef = AC1FDC351E65115A00CD0723 /* tileHandler.swift */; };
		AC1FDC381E65386A00CD0723 /* Assets.xcassets in Resources */ = {isa = PBXBuildFile; fileRef = AC1FDC371E65386A00CD0723 /* Assets.xcassets */; };
		AC3F4B4F1E4C830B0000E5F6 /* LandHexVertex.swift in Sources */ = {isa = PBXBuildFile; fileRef = AC3F4B4E1E4C830B0000E5F6 /* LandHexVertex.swift */; };
		AC3F4B511E4C831A0000E5F6 /* LandHexEdge.swift in Sources */ = {isa = PBXBuildFile; fileRef = AC3F4B501E4C831A0000E5F6 /* LandHexEdge.swift */; };
		AC3F565C1E68CDF4005CECC1 /* NetworkConnection.swift in Sources */ = {isa = PBXBuildFile; fileRef = AC3F56581E68CDF4005CECC1 /* NetworkConnection.swift */; };
		AC3F565D1E68CDF4005CECC1 /* NewGameController.swift in Sources */ = {isa = PBXBuildFile; fileRef = AC3F56591E68CDF4005CECC1 /* NewGameController.swift */; };
		AC3F565E1E68CDF4005CECC1 /* PlayerListController.swift in Sources */ = {isa = PBXBuildFile; fileRef = AC3F565A1E68CDF4005CECC1 /* PlayerListController.swift */; };
		AC3F565F1E68CDF4005CECC1 /* StartScreenController.swift in Sources */ = {isa = PBXBuildFile; fileRef = AC3F565B1E68CDF4005CECC1 /* StartScreenController.swift */; };
		AC3F56651E68CF1B005CECC1 /* Main.storyboard in Resources */ = {isa = PBXBuildFile; fileRef = AC3F56631E68CF1B005CECC1 /* Main.storyboard */; };
		AC648A511E6281B700E4BEA0 /* GameScene.sks in Resources */ = {isa = PBXBuildFile; fileRef = AC648A501E6281B700E4BEA0 /* GameScene.sks */; };
		AC9D04491E67B43300DBCA42 /* Player.swift in Sources */ = {isa = PBXBuildFile; fileRef = AC9D04481E67B43300DBCA42 /* Player.swift */; };
		AC9D044B1E67D37300DBCA42 /* Dice.swift in Sources */ = {isa = PBXBuildFile; fileRef = AC9D044A1E67D37300DBCA42 /* Dice.swift */; };
		AC9D044D1E67D6F700DBCA42 /* cornerObject.swift in Sources */ = {isa = PBXBuildFile; fileRef = AC9D044C1E67D6F700DBCA42 /* cornerObject.swift */; };
		AC9D044F1E67D70300DBCA42 /* edgeObject.swift in Sources */ = {isa = PBXBuildFile; fileRef = AC9D044E1E67D70300DBCA42 /* edgeObject.swift */; };
		ACB54A331E3A9E920042461A /* Tiles.sks in Resources */ = {isa = PBXBuildFile; fileRef = ACB54A311E3A9E920042461A /* Tiles.sks */; };
		ACCBA9AC1E3B189800DE13FD /* Extensions.swift in Sources */ = {isa = PBXBuildFile; fileRef = ACCBA9AB1E3B189800DE13FD /* Extensions.swift */; };
		ACCBA9AF1E3B1BC700DE13FD /* 3player.json in Resources */ = {isa = PBXBuildFile; fileRef = ACCBA9AE1E3B1BC700DE13FD /* 3player.json */; };
/* End PBXBuildFile section */

/* Begin PBXFileReference section */
		6C3DBEB31E81ACBD00EE07EF /* FishToken.swift */ = {isa = PBXFileReference; fileEncoding = 4; lastKnownFileType = sourcecode.swift; path = FishToken.swift; sourceTree = "<group>"; };
		6CCF9F611E395DF900AAEB79 /* SettlersOfSwift.app */ = {isa = PBXFileReference; explicitFileType = wrapper.application; includeInIndex = 0; path = SettlersOfSwift.app; sourceTree = BUILT_PRODUCTS_DIR; };
		6CCF9F641E395DF900AAEB79 /* AppDelegate.swift */ = {isa = PBXFileReference; lastKnownFileType = sourcecode.swift; path = AppDelegate.swift; sourceTree = "<group>"; };
		6CCF9F681E395DF900AAEB79 /* Actions.sks */ = {isa = PBXFileReference; lastKnownFileType = file.sks; path = Actions.sks; sourceTree = "<group>"; };
		6CCF9F6A1E395DF900AAEB79 /* GameScene.swift */ = {isa = PBXFileReference; lastKnownFileType = sourcecode.swift; path = GameScene.swift; sourceTree = "<group>"; };
		6CCF9F6C1E395DF900AAEB79 /* GameViewController.swift */ = {isa = PBXFileReference; lastKnownFileType = sourcecode.swift; path = GameViewController.swift; sourceTree = "<group>"; };
		6CCF9F741E395DF900AAEB79 /* Base */ = {isa = PBXFileReference; lastKnownFileType = file.storyboard; name = Base; path = Base.lproj/LaunchScreen.storyboard; sourceTree = "<group>"; };
		6CCF9F761E395DF900AAEB79 /* Info.plist */ = {isa = PBXFileReference; lastKnownFileType = text.plist.xml; path = Info.plist; sourceTree = "<group>"; };
		AC0830CD1E4A3F9100ACE1B1 /* LandHex.swift */ = {isa = PBXFileReference; fileEncoding = 4; lastKnownFileType = sourcecode.swift; path = LandHex.swift; sourceTree = "<group>"; };
		AC1FDC351E65115A00CD0723 /* tileHandler.swift */ = {isa = PBXFileReference; fileEncoding = 4; lastKnownFileType = sourcecode.swift; path = tileHandler.swift; sourceTree = "<group>"; };
		AC1FDC371E65386A00CD0723 /* Assets.xcassets */ = {isa = PBXFileReference; lastKnownFileType = folder.assetcatalog; path = Assets.xcassets; sourceTree = "<group>"; };
		AC3F4B4E1E4C830B0000E5F6 /* LandHexVertex.swift */ = {isa = PBXFileReference; fileEncoding = 4; lastKnownFileType = sourcecode.swift; path = LandHexVertex.swift; sourceTree = "<group>"; };
		AC3F4B501E4C831A0000E5F6 /* LandHexEdge.swift */ = {isa = PBXFileReference; fileEncoding = 4; lastKnownFileType = sourcecode.swift; path = LandHexEdge.swift; sourceTree = "<group>"; };
		AC3F56581E68CDF4005CECC1 /* NetworkConnection.swift */ = {isa = PBXFileReference; fileEncoding = 4; lastKnownFileType = sourcecode.swift; path = NetworkConnection.swift; sourceTree = "<group>"; };
		AC3F56591E68CDF4005CECC1 /* NewGameController.swift */ = {isa = PBXFileReference; fileEncoding = 4; lastKnownFileType = sourcecode.swift; path = NewGameController.swift; sourceTree = "<group>"; };
		AC3F565A1E68CDF4005CECC1 /* PlayerListController.swift */ = {isa = PBXFileReference; fileEncoding = 4; lastKnownFileType = sourcecode.swift; path = PlayerListController.swift; sourceTree = "<group>"; };
		AC3F565B1E68CDF4005CECC1 /* StartScreenController.swift */ = {isa = PBXFileReference; fileEncoding = 4; lastKnownFileType = sourcecode.swift; path = StartScreenController.swift; sourceTree = "<group>"; };
		AC3F56641E68CF1B005CECC1 /* Base */ = {isa = PBXFileReference; lastKnownFileType = file.storyboard; name = Base; path = Base.lproj/Main.storyboard; sourceTree = "<group>"; };
		AC648A501E6281B700E4BEA0 /* GameScene.sks */ = {isa = PBXFileReference; lastKnownFileType = file.sks; path = GameScene.sks; sourceTree = "<group>"; };
		AC9D04481E67B43300DBCA42 /* Player.swift */ = {isa = PBXFileReference; fileEncoding = 4; lastKnownFileType = sourcecode.swift; path = Player.swift; sourceTree = "<group>"; };
		AC9D044A1E67D37300DBCA42 /* Dice.swift */ = {isa = PBXFileReference; fileEncoding = 4; lastKnownFileType = sourcecode.swift; path = Dice.swift; sourceTree = "<group>"; };
		AC9D044C1E67D6F700DBCA42 /* cornerObject.swift */ = {isa = PBXFileReference; fileEncoding = 4; lastKnownFileType = sourcecode.swift; path = cornerObject.swift; sourceTree = "<group>"; };
		AC9D044E1E67D70300DBCA42 /* edgeObject.swift */ = {isa = PBXFileReference; fileEncoding = 4; lastKnownFileType = sourcecode.swift; path = edgeObject.swift; sourceTree = "<group>"; };
		ACB54A311E3A9E920042461A /* Tiles.sks */ = {isa = PBXFileReference; lastKnownFileType = file.sks; name = Tiles.sks; path = ../Tiles.sks; sourceTree = "<group>"; };
		ACCBA9AB1E3B189800DE13FD /* Extensions.swift */ = {isa = PBXFileReference; fileEncoding = 4; lastKnownFileType = sourcecode.swift; path = Extensions.swift; sourceTree = "<group>"; };
		ACCBA9AE1E3B1BC700DE13FD /* 3player.json */ = {isa = PBXFileReference; fileEncoding = 4; lastKnownFileType = text.json; path = 3player.json; sourceTree = "<group>"; };
/* End PBXFileReference section */

/* Begin PBXFrameworksBuildPhase section */
		6CCF9F5E1E395DF900AAEB79 /* Frameworks */ = {
			isa = PBXFrameworksBuildPhase;
			buildActionMask = 2147483647;
			files = (
			);
			runOnlyForDeploymentPostprocessing = 0;
		};
/* End PBXFrameworksBuildPhase section */

/* Begin PBXGroup section */
		6CCF9F581E395DF900AAEB79 = {
			isa = PBXGroup;
			children = (
				6CCF9F631E395DF900AAEB79 /* SettlersOfSwift */,
				6CCF9F621E395DF900AAEB79 /* Products */,
			);
			sourceTree = "<group>";
		};
		6CCF9F621E395DF900AAEB79 /* Products */ = {
			isa = PBXGroup;
			children = (
				6CCF9F611E395DF900AAEB79 /* SettlersOfSwift.app */,
			);
			name = Products;
			sourceTree = "<group>";
		};
		6CCF9F631E395DF900AAEB79 /* SettlersOfSwift */ = {
			isa = PBXGroup;
			children = (
				ACCBA9AB1E3B189800DE13FD /* Extensions.swift */,
				AC50757A1E3960B500DB5229 /* GameScene */,
				AC3F56661E68D00B005CECC1 /* Networking */,
				6CCF9F641E395DF900AAEB79 /* AppDelegate.swift */,
				AC3F56631E68CF1B005CECC1 /* Main.storyboard */,
				AC1FDC371E65386A00CD0723 /* Assets.xcassets */,
				ACCBA9AD1E3B1BA900DE13FD /* map layouts */,
				6CCF9F731E395DF900AAEB79 /* LaunchScreen.storyboard */,
				6CCF9F761E395DF900AAEB79 /* Info.plist */,
			);
			path = SettlersOfSwift;
			sourceTree = "<group>";
		};
		AC0830CC1E4A3F7300ACE1B1 /* Models */ = {
			isa = PBXGroup;
			children = (
				AC0830CD1E4A3F9100ACE1B1 /* LandHex.swift */,
				AC3F4B4E1E4C830B0000E5F6 /* LandHexVertex.swift */,
				AC3F4B501E4C831A0000E5F6 /* LandHexEdge.swift */,
				AC1FDC351E65115A00CD0723 /* tileHandler.swift */,
				AC9D04481E67B43300DBCA42 /* Player.swift */,
				AC9D044A1E67D37300DBCA42 /* Dice.swift */,
				AC9D044C1E67D6F700DBCA42 /* cornerObject.swift */,
				AC9D044E1E67D70300DBCA42 /* edgeObject.swift */,
				6C3DBEB31E81ACBD00EE07EF /* FishToken.swift */,
			);
			name = Models;
			sourceTree = "<group>";
		};
		AC3F56661E68D00B005CECC1 /* Networking */ = {
			isa = PBXGroup;
			children = (
				AC3F56581E68CDF4005CECC1 /* NetworkConnection.swift */,
				AC3F56591E68CDF4005CECC1 /* NewGameController.swift */,
				AC3F565A1E68CDF4005CECC1 /* PlayerListController.swift */,
				AC3F565B1E68CDF4005CECC1 /* StartScreenController.swift */,
			);
			name = Networking;
			sourceTree = "<group>";
		};
		AC50757A1E3960B500DB5229 /* GameScene */ = {
			isa = PBXGroup;
			children = (
				AC0830CC1E4A3F7300ACE1B1 /* Models */,
				ACB54A311E3A9E920042461A /* Tiles.sks */,
				AC648A501E6281B700E4BEA0 /* GameScene.sks */,
				6CCF9F681E395DF900AAEB79 /* Actions.sks */,
				6CCF9F6A1E395DF900AAEB79 /* GameScene.swift */,
				6CCF9F6C1E395DF900AAEB79 /* GameViewController.swift */,
			);
			name = GameScene;
			sourceTree = "<group>";
		};
		ACCBA9AD1E3B1BA900DE13FD /* map layouts */ = {
			isa = PBXGroup;
			children = (
				ACCBA9AE1E3B1BC700DE13FD /* 3player.json */,
			);
			name = "map layouts";
			sourceTree = "<group>";
		};
/* End PBXGroup section */

/* Begin PBXNativeTarget section */
		6CCF9F601E395DF900AAEB79 /* SettlersOfSwift */ = {
			isa = PBXNativeTarget;
			buildConfigurationList = 6CCF9F791E395DF900AAEB79 /* Build configuration list for PBXNativeTarget "SettlersOfSwift" */;
			buildPhases = (
				6CCF9F5D1E395DF900AAEB79 /* Sources */,
				6CCF9F5E1E395DF900AAEB79 /* Frameworks */,
				6CCF9F5F1E395DF900AAEB79 /* Resources */,
			);
			buildRules = (
			);
			dependencies = (
			);
			name = SettlersOfSwift;
			productName = SettlersOfSwift;
			productReference = 6CCF9F611E395DF900AAEB79 /* SettlersOfSwift.app */;
			productType = "com.apple.product-type.application";
		};
/* End PBXNativeTarget section */

/* Begin PBXProject section */
		6CCF9F591E395DF900AAEB79 /* Project object */ = {
			isa = PBXProject;
			attributes = {
				LastSwiftUpdateCheck = 0820;
				LastUpgradeCheck = 0820;
				ORGANIZATIONNAME = Comp361;
				TargetAttributes = {
					6CCF9F601E395DF900AAEB79 = {
						CreatedOnToolsVersion = 8.2.1;
						DevelopmentTeam = DH5RD25A9T;
						ProvisioningStyle = Automatic;
					};
				};
			};
			buildConfigurationList = 6CCF9F5C1E395DF900AAEB79 /* Build configuration list for PBXProject "SettlersOfSwift" */;
			compatibilityVersion = "Xcode 3.2";
			developmentRegion = English;
			hasScannedForEncodings = 0;
			knownRegions = (
				en,
				Base,
			);
			mainGroup = 6CCF9F581E395DF900AAEB79;
			productRefGroup = 6CCF9F621E395DF900AAEB79 /* Products */;
			projectDirPath = "";
			projectRoot = "";
			targets = (
				6CCF9F601E395DF900AAEB79 /* SettlersOfSwift */,
			);
		};
/* End PBXProject section */

/* Begin PBXResourcesBuildPhase section */
		6CCF9F5F1E395DF900AAEB79 /* Resources */ = {
			isa = PBXResourcesBuildPhase;
			buildActionMask = 2147483647;
			files = (
				ACCBA9AF1E3B1BC700DE13FD /* 3player.json in Resources */,
				ACB54A331E3A9E920042461A /* Tiles.sks in Resources */,
				AC648A511E6281B700E4BEA0 /* GameScene.sks in Resources */,
				AC3F56651E68CF1B005CECC1 /* Main.storyboard in Resources */,
				AC1FDC381E65386A00CD0723 /* Assets.xcassets in Resources */,
				6CCF9F751E395DF900AAEB79 /* LaunchScreen.storyboard in Resources */,
				6CCF9F691E395DF900AAEB79 /* Actions.sks in Resources */,
			);
			runOnlyForDeploymentPostprocessing = 0;
		};
/* End PBXResourcesBuildPhase section */

/* Begin PBXSourcesBuildPhase section */
		6CCF9F5D1E395DF900AAEB79 /* Sources */ = {
			isa = PBXSourcesBuildPhase;
			buildActionMask = 2147483647;
			files = (
				AC1FDC361E65115A00CD0723 /* tileHandler.swift in Sources */,
				AC3F4B511E4C831A0000E5F6 /* LandHexEdge.swift in Sources */,
				AC3F565C1E68CDF4005CECC1 /* NetworkConnection.swift in Sources */,
				AC9D044B1E67D37300DBCA42 /* Dice.swift in Sources */,
				AC3F4B4F1E4C830B0000E5F6 /* LandHexVertex.swift in Sources */,
				AC3F565E1E68CDF4005CECC1 /* PlayerListController.swift in Sources */,
				6CCF9F6B1E395DF900AAEB79 /* GameScene.swift in Sources */,
				AC0830CE1E4A3F9100ACE1B1 /* LandHex.swift in Sources */,
				6CCF9F6D1E395DF900AAEB79 /* GameViewController.swift in Sources */,
				AC3F565F1E68CDF4005CECC1 /* StartScreenController.swift in Sources */,
				AC9D044F1E67D70300DBCA42 /* edgeObject.swift in Sources */,
				6C3DBEB41E81ACBD00EE07EF /* FishToken.swift in Sources */,
				AC3F565D1E68CDF4005CECC1 /* NewGameController.swift in Sources */,
				6CCF9F651E395DF900AAEB79 /* AppDelegate.swift in Sources */,
				AC9D044D1E67D6F700DBCA42 /* cornerObject.swift in Sources */,
				AC9D04491E67B43300DBCA42 /* Player.swift in Sources */,
				ACCBA9AC1E3B189800DE13FD /* Extensions.swift in Sources */,
			);
			runOnlyForDeploymentPostprocessing = 0;
		};
/* End PBXSourcesBuildPhase section */

/* Begin PBXVariantGroup section */
		6CCF9F731E395DF900AAEB79 /* LaunchScreen.storyboard */ = {
			isa = PBXVariantGroup;
			children = (
				6CCF9F741E395DF900AAEB79 /* Base */,
			);
			name = LaunchScreen.storyboard;
			sourceTree = "<group>";
		};
		AC3F56631E68CF1B005CECC1 /* Main.storyboard */ = {
			isa = PBXVariantGroup;
			children = (
				AC3F56641E68CF1B005CECC1 /* Base */,
			);
			name = Main.storyboard;
			sourceTree = "<group>";
		};
/* End PBXVariantGroup section */

/* Begin XCBuildConfiguration section */
		6CCF9F771E395DF900AAEB79 /* Debug */ = {
			isa = XCBuildConfiguration;
			buildSettings = {
				ALWAYS_SEARCH_USER_PATHS = NO;
				CLANG_ANALYZER_NONNULL = YES;
				CLANG_CXX_LANGUAGE_STANDARD = "gnu++0x";
				CLANG_CXX_LIBRARY = "libc++";
				CLANG_ENABLE_MODULES = YES;
				CLANG_ENABLE_OBJC_ARC = YES;
				CLANG_WARN_BOOL_CONVERSION = YES;
				CLANG_WARN_CONSTANT_CONVERSION = YES;
				CLANG_WARN_DIRECT_OBJC_ISA_USAGE = YES_ERROR;
				CLANG_WARN_DOCUMENTATION_COMMENTS = YES;
				CLANG_WARN_EMPTY_BODY = YES;
				CLANG_WARN_ENUM_CONVERSION = YES;
				CLANG_WARN_INFINITE_RECURSION = YES;
				CLANG_WARN_INT_CONVERSION = YES;
				CLANG_WARN_OBJC_ROOT_CLASS = YES_ERROR;
				CLANG_WARN_SUSPICIOUS_MOVE = YES;
				CLANG_WARN_UNREACHABLE_CODE = YES;
				CLANG_WARN__DUPLICATE_METHOD_MATCH = YES;
				"CODE_SIGN_IDENTITY[sdk=iphoneos*]" = "iPhone Developer";
				COPY_PHASE_STRIP = NO;
				DEBUG_INFORMATION_FORMAT = dwarf;
				ENABLE_STRICT_OBJC_MSGSEND = YES;
				ENABLE_TESTABILITY = YES;
				GCC_C_LANGUAGE_STANDARD = gnu99;
				GCC_DYNAMIC_NO_PIC = NO;
				GCC_NO_COMMON_BLOCKS = YES;
				GCC_OPTIMIZATION_LEVEL = 0;
				GCC_PREPROCESSOR_DEFINITIONS = (
					"DEBUG=1",
					"$(inherited)",
				);
				GCC_WARN_64_TO_32_BIT_CONVERSION = YES;
				GCC_WARN_ABOUT_RETURN_TYPE = YES_ERROR;
				GCC_WARN_UNDECLARED_SELECTOR = YES;
				GCC_WARN_UNINITIALIZED_AUTOS = YES_AGGRESSIVE;
				GCC_WARN_UNUSED_FUNCTION = YES;
				GCC_WARN_UNUSED_VARIABLE = YES;
				IPHONEOS_DEPLOYMENT_TARGET = 10.2;
				MTL_ENABLE_DEBUG_INFO = YES;
				ONLY_ACTIVE_ARCH = YES;
				SDKROOT = iphoneos;
				SWIFT_ACTIVE_COMPILATION_CONDITIONS = DEBUG;
				SWIFT_OPTIMIZATION_LEVEL = "-Onone";
			};
			name = Debug;
		};
		6CCF9F781E395DF900AAEB79 /* Release */ = {
			isa = XCBuildConfiguration;
			buildSettings = {
				ALWAYS_SEARCH_USER_PATHS = NO;
				CLANG_ANALYZER_NONNULL = YES;
				CLANG_CXX_LANGUAGE_STANDARD = "gnu++0x";
				CLANG_CXX_LIBRARY = "libc++";
				CLANG_ENABLE_MODULES = YES;
				CLANG_ENABLE_OBJC_ARC = YES;
				CLANG_WARN_BOOL_CONVERSION = YES;
				CLANG_WARN_CONSTANT_CONVERSION = YES;
				CLANG_WARN_DIRECT_OBJC_ISA_USAGE = YES_ERROR;
				CLANG_WARN_DOCUMENTATION_COMMENTS = YES;
				CLANG_WARN_EMPTY_BODY = YES;
				CLANG_WARN_ENUM_CONVERSION = YES;
				CLANG_WARN_INFINITE_RECURSION = YES;
				CLANG_WARN_INT_CONVERSION = YES;
				CLANG_WARN_OBJC_ROOT_CLASS = YES_ERROR;
				CLANG_WARN_SUSPICIOUS_MOVE = YES;
				CLANG_WARN_UNREACHABLE_CODE = YES;
				CLANG_WARN__DUPLICATE_METHOD_MATCH = YES;
				"CODE_SIGN_IDENTITY[sdk=iphoneos*]" = "iPhone Developer";
				COPY_PHASE_STRIP = NO;
				DEBUG_INFORMATION_FORMAT = "dwarf-with-dsym";
				ENABLE_NS_ASSERTIONS = NO;
				ENABLE_STRICT_OBJC_MSGSEND = YES;
				GCC_C_LANGUAGE_STANDARD = gnu99;
				GCC_NO_COMMON_BLOCKS = YES;
				GCC_WARN_64_TO_32_BIT_CONVERSION = YES;
				GCC_WARN_ABOUT_RETURN_TYPE = YES_ERROR;
				GCC_WARN_UNDECLARED_SELECTOR = YES;
				GCC_WARN_UNINITIALIZED_AUTOS = YES_AGGRESSIVE;
				GCC_WARN_UNUSED_FUNCTION = YES;
				GCC_WARN_UNUSED_VARIABLE = YES;
				IPHONEOS_DEPLOYMENT_TARGET = 10.2;
				MTL_ENABLE_DEBUG_INFO = NO;
				SDKROOT = iphoneos;
				SWIFT_OPTIMIZATION_LEVEL = "-Owholemodule";
				VALIDATE_PRODUCT = YES;
			};
			name = Release;
		};
		6CCF9F7A1E395DF900AAEB79 /* Debug */ = {
			isa = XCBuildConfiguration;
			buildSettings = {
				ASSETCATALOG_COMPILER_APPICON_NAME = AppIcon;
				"CODE_SIGN_IDENTITY[sdk=iphoneos*]" = "iPhone Developer";
				DEVELOPMENT_TEAM = DH5RD25A9T;
				INFOPLIST_FILE = SettlersOfSwift/Info.plist;
				IPHONEOS_DEPLOYMENT_TARGET = 10.0;
				LD_RUNPATH_SEARCH_PATHS = "$(inherited) @executable_path/Frameworks";
				PRODUCT_BUNDLE_IDENTIFIER = com.361.SettlersOfSwift;
				PRODUCT_NAME = "$(TARGET_NAME)";
				SWIFT_VERSION = 3.0;
			};
			name = Debug;
		};
		6CCF9F7B1E395DF900AAEB79 /* Release */ = {
			isa = XCBuildConfiguration;
			buildSettings = {
				ASSETCATALOG_COMPILER_APPICON_NAME = AppIcon;
				"CODE_SIGN_IDENTITY[sdk=iphoneos*]" = "iPhone Developer";
				DEVELOPMENT_TEAM = DH5RD25A9T;
				INFOPLIST_FILE = SettlersOfSwift/Info.plist;
				IPHONEOS_DEPLOYMENT_TARGET = 10.0;
				LD_RUNPATH_SEARCH_PATHS = "$(inherited) @executable_path/Frameworks";
				PRODUCT_BUNDLE_IDENTIFIER = com.361.SettlersOfSwift;
				PRODUCT_NAME = "$(TARGET_NAME)";
				SWIFT_VERSION = 3.0;
			};
			name = Release;
		};
/* End XCBuildConfiguration section */

/* Begin XCConfigurationList section */
		6CCF9F5C1E395DF900AAEB79 /* Build configuration list for PBXProject "SettlersOfSwift" */ = {
			isa = XCConfigurationList;
			buildConfigurations = (
				6CCF9F771E395DF900AAEB79 /* Debug */,
				6CCF9F781E395DF900AAEB79 /* Release */,
			);
			defaultConfigurationIsVisible = 0;
			defaultConfigurationName = Release;
		};
		6CCF9F791E395DF900AAEB79 /* Build configuration list for PBXNativeTarget "SettlersOfSwift" */ = {
			isa = XCConfigurationList;
			buildConfigurations = (
				6CCF9F7A1E395DF900AAEB79 /* Debug */,
				6CCF9F7B1E395DF900AAEB79 /* Release */,
			);
			defaultConfigurationIsVisible = 0;
			defaultConfigurationName = Release;
		};
/* End XCConfigurationList section */
	};
	rootObject = 6CCF9F591E395DF900AAEB79 /* Project object */;
}
